
Microsoft Visual Studio Solution File, Format Version 12.00
# Visual Studio Version 17
VisualStudioVersion = 17.5.33516.290
MinimumVisualStudioVersion = 10.0.40219.1
Project("{FAE04EC0-301F-11D3-BF4B-00C04F79EFBC}") = "BotaVirgulaPraMim", "BotaVirgulaPraMim\BotaVirgulaPraMim.csproj", "{6DEA23C3-9753-4B71-85F4-BD789B18AAD6}"
EndProject
Global
	GlobalSection(SolutionConfigurationPlatforms) = preSolution
		Debug|Any CPU = Debug|Any CPU
		Release|Any CPU = Release|Any CPU
	EndGlobalSection
	GlobalSection(ProjectConfigurationPlatforms) = postSolution
		{6DEA23C3-9753-4B71-85F4-BD789B18AAD6}.Debug|Any CPU.ActiveCfg = Debug|Any CPU
		{6DEA23C3-9753-4B71-85F4-BD789B18AAD6}.Debug|Any CPU.Build.0 = Debug|Any CPU
		{6DEA23C3-9753-4B71-85F4-BD789B18AAD6}.Release|Any CPU.ActiveCfg = Release|Any CPU
		{6DEA23C3-9753-4B71-85F4-BD789B18AAD6}.Release|Any CPU.Build.0 = Release|Any CPU
	EndGlobalSection
	GlobalSection(SolutionProperties) = preSolution
		HideSolutionNode = FALSE
	EndGlobalSection
	GlobalSection(ExtensibilityGlobals) = postSolution
		SolutionGuid = {81448F43-8163-49A0-8287-E91F73A08EA0}
	EndGlobalSection
EndGlobal
